
Microsoft Visual Studio Solution File, Format Version 12.00
# Visual Studio Version 17
VisualStudioVersion = 17.0.31903.59
MinimumVisualStudioVersion = 10.0.40219.1
Project("{2150E333-8FDC-42A3-9474-1A3956D46DE8}") = "src", "src", "{E2AD2463-D2C2-4D93-A1FB-C64ECFA149E3}"
EndProject
Project("{FAE04EC0-301F-11D3-BF4B-00C04F79EFBC}") = "PdfEdit.Api", "src\PdfEdit.Api\PdfEdit.Api.csproj", "{3DC4F4B7-86E4-4764-9E56-9309DE975B36}"
EndProject
Project("{FAE04EC0-301F-11D3-BF4B-00C04F79EFBC}") = "PdfEdit.Client", "src\PdfEdit.Client\PdfEdit.Client.csproj", "{D5C04E97-6319-42EA-8CD1-60DF9D5D92CC}"
EndProject
Project("{FAE04EC0-301F-11D3-BF4B-00C04F79EFBC}") = "PdfEdit.Shared", "src\PdfEdit.Shared\PdfEdit.Shared.csproj", "{7C7943BA-C4ED-4A73-859E-00817E75C190}"
EndProject
Global
	GlobalSection(SolutionConfigurationPlatforms) = preSolution
		Debug|Any CPU = Debug|Any CPU
		Release|Any CPU = Release|Any CPU
	EndGlobalSection
	GlobalSection(SolutionProperties) = preSolution
		HideSolutionNode = FALSE
	EndGlobalSection
	GlobalSection(ProjectConfigurationPlatforms) = postSolution
		{3DC4F4B7-86E4-4764-9E56-9309DE975B36}.Debug|Any CPU.ActiveCfg = Debug|Any CPU
		{3DC4F4B7-86E4-4764-9E56-9309DE975B36}.Debug|Any CPU.Build.0 = Debug|Any CPU
		{3DC4F4B7-86E4-4764-9E56-9309DE975B36}.Release|Any CPU.ActiveCfg = Release|Any CPU
		{3DC4F4B7-86E4-4764-9E56-9309DE975B36}.Release|Any CPU.Build.0 = Release|Any CPU
		{D5C04E97-6319-42EA-8CD1-60DF9D5D92CC}.Debug|Any CPU.ActiveCfg = Debug|Any CPU
		{D5C04E97-6319-42EA-8CD1-60DF9D5D92CC}.Debug|Any CPU.Build.0 = Debug|Any CPU
		{D5C04E97-6319-42EA-8CD1-60DF9D5D92CC}.Release|Any CPU.ActiveCfg = Release|Any CPU
		{D5C04E97-6319-42EA-8CD1-60DF9D5D92CC}.Release|Any CPU.Build.0 = Release|Any CPU
		{7C7943BA-C4ED-4A73-859E-00817E75C190}.Debug|Any CPU.ActiveCfg = Debug|Any CPU
		{7C7943BA-C4ED-4A73-859E-00817E75C190}.Debug|Any CPU.Build.0 = Debug|Any CPU
		{7C7943BA-C4ED-4A73-859E-00817E75C190}.Release|Any CPU.ActiveCfg = Release|Any CPU
		{7C7943BA-C4ED-4A73-859E-00817E75C190}.Release|Any CPU.Build.0 = Release|Any CPU
	EndGlobalSection
	GlobalSection(NestedProjects) = preSolution
		{3DC4F4B7-86E4-4764-9E56-9309DE975B36} = {E2AD2463-D2C2-4D93-A1FB-C64ECFA149E3}
		{D5C04E97-6319-42EA-8CD1-60DF9D5D92CC} = {E2AD2463-D2C2-4D93-A1FB-C64ECFA149E3}
		{7C7943BA-C4ED-4A73-859E-00817E75C190} = {E2AD2463-D2C2-4D93-A1FB-C64ECFA149E3}
	EndGlobalSection
EndGlobal
